
Microsoft Visual Studio Solution File, Format Version 12.00
# Visual Studio Version 17
VisualStudioVersion = 17.6.33723.286
MinimumVisualStudioVersion = 10.0.40219.1
Project("{FAE04EC0-301F-11D3-BF4B-00C04F79EFBC}") = "OLP", "OLP\OLP.csproj", "{08A4CC9C-D6F8-49BF-AAF7-EA7481C6985E}"
EndProject
Project("{FAE04EC0-301F-11D3-BF4B-00C04F79EFBC}") = "BLL", "BLL\BLL.csproj", "{258997A4-0035-451F-A55A-135237F9E341}"
EndProject
Project("{FAE04EC0-301F-11D3-BF4B-00C04F79EFBC}") = "DAL", "DAL\DAL.csproj", "{54E6FC8C-7988-404C-89E5-4B15CA2D2528}"
EndProject
Global
	GlobalSection(SolutionConfigurationPlatforms) = preSolution
		Debug|Any CPU = Debug|Any CPU
		Release|Any CPU = Release|Any CPU
	EndGlobalSection
	GlobalSection(ProjectConfigurationPlatforms) = postSolution
		{08A4CC9C-D6F8-49BF-AAF7-EA7481C6985E}.Debug|Any CPU.ActiveCfg = Debug|Any CPU
		{08A4CC9C-D6F8-49BF-AAF7-EA7481C6985E}.Debug|Any CPU.Build.0 = Debug|Any CPU
		{08A4CC9C-D6F8-49BF-AAF7-EA7481C6985E}.Release|Any CPU.ActiveCfg = Release|Any CPU
		{08A4CC9C-D6F8-49BF-AAF7-EA7481C6985E}.Release|Any CPU.Build.0 = Release|Any CPU
		{258997A4-0035-451F-A55A-135237F9E341}.Debug|Any CPU.ActiveCfg = Debug|Any CPU
		{258997A4-0035-451F-A55A-135237F9E341}.Debug|Any CPU.Build.0 = Debug|Any CPU
		{258997A4-0035-451F-A55A-135237F9E341}.Release|Any CPU.ActiveCfg = Release|Any CPU
		{258997A4-0035-451F-A55A-135237F9E341}.Release|Any CPU.Build.0 = Release|Any CPU
		{54E6FC8C-7988-404C-89E5-4B15CA2D2528}.Debug|Any CPU.ActiveCfg = Debug|Any CPU
		{54E6FC8C-7988-404C-89E5-4B15CA2D2528}.Debug|Any CPU.Build.0 = Debug|Any CPU
		{54E6FC8C-7988-404C-89E5-4B15CA2D2528}.Release|Any CPU.ActiveCfg = Release|Any CPU
		{54E6FC8C-7988-404C-89E5-4B15CA2D2528}.Release|Any CPU.Build.0 = Release|Any CPU
	EndGlobalSection
	GlobalSection(SolutionProperties) = preSolution
		HideSolutionNode = FALSE
	EndGlobalSection
	GlobalSection(ExtensibilityGlobals) = postSolution
		SolutionGuid = {4D613C2E-58B5-4B97-BB16-D3A6BE9D5748}
	EndGlobalSection
EndGlobal
